// !$*UTF8*$!
{
	archiveVersion = 1;
	classes = {
	};
	objectVersion = 56;
	objects = {

/* Begin PBXBuildFile section */
		1B3CFC802BF3A40F00C1640A /* EventDetailView.swift in Sources */ = {isa = PBXBuildFile; fileRef = 1B3CFC7F2BF3A40F00C1640A /* EventDetailView.swift */; };
		1B3CFC822BF3BE1500C1640A /* StringHelper.swift in Sources */ = {isa = PBXBuildFile; fileRef = 1B3CFC812BF3BE1500C1640A /* StringHelper.swift */; };
		1B57A49E2C188FE500467279 /* Cart.swift in Sources */ = {isa = PBXBuildFile; fileRef = 1B57A49D2C188FE500467279 /* Cart.swift */; };
		1B57A4A42C18921A00467279 /* CartView.swift in Sources */ = {isa = PBXBuildFile; fileRef = 1B57A4A32C18921A00467279 /* CartView.swift */; };
		1B7181252C0F53D600E705A6 /* PrimaryButtonStyle.swift in Sources */ = {isa = PBXBuildFile; fileRef = 1B7181242C0F53D600E705A6 /* PrimaryButtonStyle.swift */; };
		1B7181272C0F580E00E705A6 /* PrimaryTextFieldStyle.swift in Sources */ = {isa = PBXBuildFile; fileRef = 1B7181262C0F580E00E705A6 /* PrimaryTextFieldStyle.swift */; };
		1B7181292C0F64B200E705A6 /* HomeView.swift in Sources */ = {isa = PBXBuildFile; fileRef = 1B7181282C0F64B200E705A6 /* HomeView.swift */; };
		1B89AD322C061F8600FC4742 /* UserResponse.swift in Sources */ = {isa = PBXBuildFile; fileRef = 1B89AD312C061F8600FC4742 /* UserResponse.swift */; };
		1B8F889E2BEA6B5900CD2DDF /* Cesk_EventsApp.swift in Sources */ = {isa = PBXBuildFile; fileRef = 1B8F889D2BEA6B5900CD2DDF /* Cesk_EventsApp.swift */; };
		1B8F88A02BEA6B5900CD2DDF /* SplashView.swift in Sources */ = {isa = PBXBuildFile; fileRef = 1B8F889F2BEA6B5900CD2DDF /* SplashView.swift */; };
		1B8F88A22BEA6B5B00CD2DDF /* Assets.xcassets in Resources */ = {isa = PBXBuildFile; fileRef = 1B8F88A12BEA6B5B00CD2DDF /* Assets.xcassets */; };
		1B8F88A52BEA6B5B00CD2DDF /* Preview Assets.xcassets in Resources */ = {isa = PBXBuildFile; fileRef = 1B8F88A42BEA6B5B00CD2DDF /* Preview Assets.xcassets */; };
		1B8F88AC2BEA6D7E00CD2DDF /* EventsView.swift in Sources */ = {isa = PBXBuildFile; fileRef = 1B8F88AB2BEA6D7E00CD2DDF /* EventsView.swift */; };
		1B8F88AE2BEA6F9300CD2DDF /* NetworkImage.swift in Sources */ = {isa = PBXBuildFile; fileRef = 1B8F88AD2BEA6F9300CD2DDF /* NetworkImage.swift */; };
		1B8F88B02BEA743C00CD2DDF /* Event.swift in Sources */ = {isa = PBXBuildFile; fileRef = 1B8F88AF2BEA743C00CD2DDF /* Event.swift */; };
		1B8F88B22BEA7AD800CD2DDF /* User.swift in Sources */ = {isa = PBXBuildFile; fileRef = 1B8F88B12BEA7AD800CD2DDF /* User.swift */; };
		1B8F88B52BEA838400CD2DDF /* DBNetworking in Frameworks */ = {isa = PBXBuildFile; productRef = 1B8F88B42BEA838400CD2DDF /* DBNetworking */; };
		1B8F88B82BEA839600CD2DDF /* SwiftySound in Frameworks */ = {isa = PBXBuildFile; productRef = 1B8F88B72BEA839600CD2DDF /* SwiftySound */; };
		1B8F88BA2BEA86F100CD2DDF /* EventsResponse.swift in Sources */ = {isa = PBXBuildFile; fileRef = 1B8F88B92BEA86F100CD2DDF /* EventsResponse.swift */; };
		1BB327C02C35B31B00462400 /* ThemeToggleModifier.swift in Sources */ = {isa = PBXBuildFile; fileRef = 1BB327BE2C35B31B00462400 /* ThemeToggleModifier.swift */; };
		1BB327C12C35B31B00462400 /* ThemeManager.swift in Sources */ = {isa = PBXBuildFile; fileRef = 1BB327BF2C35B31B00462400 /* ThemeManager.swift */; };
		1BB327C52C35B33B00462400 /* CreateEventModel.swift in Sources */ = {isa = PBXBuildFile; fileRef = 1BB327C32C35B33B00462400 /* CreateEventModel.swift */; };
		1BB327C62C35B33B00462400 /* CreateEventView.swift in Sources */ = {isa = PBXBuildFile; fileRef = 1BB327C42C35B33B00462400 /* CreateEventView.swift */; };
		1BC3E5C52BFCE06B000A5B30 /* LocationHelper .swift in Sources */ = {isa = PBXBuildFile; fileRef = 1BC3E5C42BFCE06B000A5B30 /* LocationHelper .swift */; };
		1BC3E5C72BFCF8F0000A5B30 /* WelcomeView.swift in Sources */ = {isa = PBXBuildFile; fileRef = 1BC3E5C62BFCF8F0000A5B30 /* WelcomeView.swift */; };
		1BC3E5CB2BFCF933000A5B30 /* LoginView.swift in Sources */ = {isa = PBXBuildFile; fileRef = 1BC3E5CA2BFCF933000A5B30 /* LoginView.swift */; };
		1BC3E5CD2BFCF940000A5B30 /* SignUpView.swift in Sources */ = {isa = PBXBuildFile; fileRef = 1BC3E5CC2BFCF940000A5B30 /* SignUpView.swift */; };
		1BC3E5D02BFCFE09000A5B30 /* ColorHelper.swift in Sources */ = {isa = PBXBuildFile; fileRef = 1BC3E5CF2BFCFE09000A5B30 /* ColorHelper.swift */; };
		1BDDFFD02C1C904000D83F8D /* SafariView.swift in Sources */ = {isa = PBXBuildFile; fileRef = 1BDDFFCF2C1C904000D83F8D /* SafariView.swift */; };
		1BDDFFD22C1C9F6100D83F8D /* TallScrollView.swift in Sources */ = {isa = PBXBuildFile; fileRef = 1BDDFFD12C1C9F6100D83F8D /* TallScrollView.swift */; };
		1BE0CE402C10AB7000B14136 /* EventItemView.swift in Sources */ = {isa = PBXBuildFile; fileRef = 1BE0CE3F2C10AB7000B14136 /* EventItemView.swift */; };
		1BE0CE422C10C79700B14136 /* alert_sound.mp3 in Resources */ = {isa = PBXBuildFile; fileRef = 1BE0CE412C10C79700B14136 /* alert_sound.mp3 */; };
		1BE694812C35B6150022FD04 /* ProfileView.swift in Sources */ = {isa = PBXBuildFile; fileRef = 1BE694802C35B6150022FD04 /* ProfileView.swift */; };
		1BF1081B2C0629BE00C4C792 /* Session.swift in Sources */ = {isa = PBXBuildFile; fileRef = 1BF1081A2C0629BE00C4C792 /* Session.swift */; };
/* End PBXBuildFile section */

/* Begin PBXFileReference section */
		1B3CFC7F2BF3A40F00C1640A /* EventDetailView.swift */ = {isa = PBXFileReference; lastKnownFileType = sourcecode.swift; path = EventDetailView.swift; sourceTree = "<group>"; };
		1B3CFC812BF3BE1500C1640A /* StringHelper.swift */ = {isa = PBXFileReference; lastKnownFileType = sourcecode.swift; path = StringHelper.swift; sourceTree = "<group>"; };
		1B57A49D2C188FE500467279 /* Cart.swift */ = {isa = PBXFileReference; lastKnownFileType = sourcecode.swift; path = Cart.swift; sourceTree = "<group>"; };
		1B57A4A32C18921A00467279 /* CartView.swift */ = {isa = PBXFileReference; lastKnownFileType = sourcecode.swift; path = CartView.swift; sourceTree = "<group>"; };
		1B7181242C0F53D600E705A6 /* PrimaryButtonStyle.swift */ = {isa = PBXFileReference; lastKnownFileType = sourcecode.swift; path = PrimaryButtonStyle.swift; sourceTree = "<group>"; };
		1B7181262C0F580E00E705A6 /* PrimaryTextFieldStyle.swift */ = {isa = PBXFileReference; lastKnownFileType = sourcecode.swift; path = PrimaryTextFieldStyle.swift; sourceTree = "<group>"; };
		1B7181282C0F64B200E705A6 /* HomeView.swift */ = {isa = PBXFileReference; lastKnownFileType = sourcecode.swift; path = HomeView.swift; sourceTree = "<group>"; };
		1B89AD312C061F8600FC4742 /* UserResponse.swift */ = {isa = PBXFileReference; lastKnownFileType = sourcecode.swift; path = UserResponse.swift; sourceTree = "<group>"; };
		1B8F889A2BEA6B5900CD2DDF /* Cesk Events.app */ = {isa = PBXFileReference; explicitFileType = wrapper.application; includeInIndex = 0; path = "Cesk Events.app"; sourceTree = BUILT_PRODUCTS_DIR; };
		1B8F889D2BEA6B5900CD2DDF /* Cesk_EventsApp.swift */ = {isa = PBXFileReference; lastKnownFileType = sourcecode.swift; path = Cesk_EventsApp.swift; sourceTree = "<group>"; };
		1B8F889F2BEA6B5900CD2DDF /* SplashView.swift */ = {isa = PBXFileReference; lastKnownFileType = sourcecode.swift; path = SplashView.swift; sourceTree = "<group>"; };
		1B8F88A12BEA6B5B00CD2DDF /* Assets.xcassets */ = {isa = PBXFileReference; lastKnownFileType = folder.assetcatalog; path = Assets.xcassets; sourceTree = "<group>"; };
		1B8F88A42BEA6B5B00CD2DDF /* Preview Assets.xcassets */ = {isa = PBXFileReference; lastKnownFileType = folder.assetcatalog; path = "Preview Assets.xcassets"; sourceTree = "<group>"; };
		1B8F88AB2BEA6D7E00CD2DDF /* EventsView.swift */ = {isa = PBXFileReference; lastKnownFileType = sourcecode.swift; path = EventsView.swift; sourceTree = "<group>"; };
		1B8F88AD2BEA6F9300CD2DDF /* NetworkImage.swift */ = {isa = PBXFileReference; lastKnownFileType = sourcecode.swift; path = NetworkImage.swift; sourceTree = "<group>"; };
		1B8F88AF2BEA743C00CD2DDF /* Event.swift */ = {isa = PBXFileReference; lastKnownFileType = sourcecode.swift; path = Event.swift; sourceTree = "<group>"; };
		1B8F88B12BEA7AD800CD2DDF /* User.swift */ = {isa = PBXFileReference; lastKnownFileType = sourcecode.swift; path = User.swift; sourceTree = "<group>"; };
		1B8F88B92BEA86F100CD2DDF /* EventsResponse.swift */ = {isa = PBXFileReference; lastKnownFileType = sourcecode.swift; path = EventsResponse.swift; sourceTree = "<group>"; };
		1BB327BE2C35B31B00462400 /* ThemeToggleModifier.swift */ = {isa = PBXFileReference; fileEncoding = 4; lastKnownFileType = sourcecode.swift; path = ThemeToggleModifier.swift; sourceTree = "<group>"; };
		1BB327BF2C35B31B00462400 /* ThemeManager.swift */ = {isa = PBXFileReference; fileEncoding = 4; lastKnownFileType = sourcecode.swift; path = ThemeManager.swift; sourceTree = "<group>"; };
		1BB327C32C35B33B00462400 /* CreateEventModel.swift */ = {isa = PBXFileReference; fileEncoding = 4; lastKnownFileType = sourcecode.swift; path = CreateEventModel.swift; sourceTree = "<group>"; };
		1BB327C42C35B33B00462400 /* CreateEventView.swift */ = {isa = PBXFileReference; fileEncoding = 4; lastKnownFileType = sourcecode.swift; path = CreateEventView.swift; sourceTree = "<group>"; };
		1BC3E5C42BFCE06B000A5B30 /* LocationHelper .swift */ = {isa = PBXFileReference; fileEncoding = 4; lastKnownFileType = sourcecode.swift; path = "LocationHelper .swift"; sourceTree = "<group>"; };
		1BC3E5C62BFCF8F0000A5B30 /* WelcomeView.swift */ = {isa = PBXFileReference; lastKnownFileType = sourcecode.swift; path = WelcomeView.swift; sourceTree = "<group>"; };
		1BC3E5CA2BFCF933000A5B30 /* LoginView.swift */ = {isa = PBXFileReference; lastKnownFileType = sourcecode.swift; path = LoginView.swift; sourceTree = "<group>"; };
		1BC3E5CC2BFCF940000A5B30 /* SignUpView.swift */ = {isa = PBXFileReference; lastKnownFileType = sourcecode.swift; path = SignUpView.swift; sourceTree = "<group>"; };
		1BC3E5CF2BFCFE09000A5B30 /* ColorHelper.swift */ = {isa = PBXFileReference; lastKnownFileType = sourcecode.swift; path = ColorHelper.swift; sourceTree = "<group>"; };
		1BDDFFCF2C1C904000D83F8D /* SafariView.swift */ = {isa = PBXFileReference; lastKnownFileType = sourcecode.swift; path = SafariView.swift; sourceTree = "<group>"; };
		1BDDFFD12C1C9F6100D83F8D /* TallScrollView.swift */ = {isa = PBXFileReference; lastKnownFileType = sourcecode.swift; path = TallScrollView.swift; sourceTree = "<group>"; };
		1BE0CE3F2C10AB7000B14136 /* EventItemView.swift */ = {isa = PBXFileReference; lastKnownFileType = sourcecode.swift; path = EventItemView.swift; sourceTree = "<group>"; };
		1BE0CE412C10C79700B14136 /* alert_sound.mp3 */ = {isa = PBXFileReference; lastKnownFileType = audio.mp3; path = alert_sound.mp3; sourceTree = "<group>"; };
		1BE694802C35B6150022FD04 /* ProfileView.swift */ = {isa = PBXFileReference; fileEncoding = 4; lastKnownFileType = sourcecode.swift; path = ProfileView.swift; sourceTree = "<group>"; };
		1BF1081A2C0629BE00C4C792 /* Session.swift */ = {isa = PBXFileReference; lastKnownFileType = sourcecode.swift; path = Session.swift; sourceTree = "<group>"; };
/* End PBXFileReference section */

/* Begin PBXFrameworksBuildPhase section */
		1B8F88972BEA6B5900CD2DDF /* Frameworks */ = {
			isa = PBXFrameworksBuildPhase;
			buildActionMask = 2147483647;
			files = (
				1B8F88B82BEA839600CD2DDF /* SwiftySound in Frameworks */,
				1B8F88B52BEA838400CD2DDF /* DBNetworking in Frameworks */,
			);
			runOnlyForDeploymentPostprocessing = 0;
		};
/* End PBXFrameworksBuildPhase section */

/* Begin PBXGroup section */
		1B8F88912BEA6B5900CD2DDF = {
			isa = PBXGroup;
			children = (
				1B8F889C2BEA6B5900CD2DDF /* Cesk Events */,
				1B8F889B2BEA6B5900CD2DDF /* Products */,
			);
			sourceTree = "<group>";
		};
		1B8F889B2BEA6B5900CD2DDF /* Products */ = {
			isa = PBXGroup;
			children = (
				1B8F889A2BEA6B5900CD2DDF /* Cesk Events.app */,
			);
			name = Products;
			sourceTree = "<group>";
		};
		1B8F889C2BEA6B5900CD2DDF /* Cesk Events */ = {
			isa = PBXGroup;
			children = (
				1BF1081A2C0629BE00C4C792 /* Session.swift */,
				1B8F889D2BEA6B5900CD2DDF /* Cesk_EventsApp.swift */,
				1B57A49D2C188FE500467279 /* Cart.swift */,
				1BB327C22C35B33B00462400 /* NewEvent */,
				1BB327BD2C35B31B00462400 /* Themes */,
				1BC3E5C92BFCF918000A5B30 /* Views */,
				1BC3E5D12BFCFF62000A5B30 /* Model */,
				1BC3E5CE2BFCFDF0000A5B30 /* Helper */,
				1BC3E5C82BFCF8FB000A5B30 /* Custom views */,
				1B8F88A12BEA6B5B00CD2DDF /* Assets.xcassets */,
				1B8F88A32BEA6B5B00CD2DDF /* Preview Content */,
			);
			path = "Cesk Events";
			sourceTree = "<group>";
		};
		1B8F88A32BEA6B5B00CD2DDF /* Preview Content */ = {
			isa = PBXGroup;
			children = (
				1B8F88A42BEA6B5B00CD2DDF /* Preview Assets.xcassets */,
			);
			path = "Preview Content";
			sourceTree = "<group>";
		};
		1BB327BD2C35B31B00462400 /* Themes */ = {
			isa = PBXGroup;
			children = (
				1BB327BE2C35B31B00462400 /* ThemeToggleModifier.swift */,
				1BB327BF2C35B31B00462400 /* ThemeManager.swift */,
			);
			name = Themes;
			path = Views/Themes;
			sourceTree = "<group>";
		};
		1BB327C22C35B33B00462400 /* NewEvent */ = {
			isa = PBXGroup;
			children = (
				1BB327C32C35B33B00462400 /* CreateEventModel.swift */,
				1BB327C42C35B33B00462400 /* CreateEventView.swift */,
			);
			name = NewEvent;
			path = Views/NewEvent;
			sourceTree = "<group>";
		};
		1BC3E5C82BFCF8FB000A5B30 /* Custom views */ = {
			isa = PBXGroup;
			children = (
				1B8F88AD2BEA6F9300CD2DDF /* NetworkImage.swift */,
				1B7181242C0F53D600E705A6 /* PrimaryButtonStyle.swift */,
				1B7181262C0F580E00E705A6 /* PrimaryTextFieldStyle.swift */,
			);
			path = "Custom views";
			sourceTree = "<group>";
		};
		1BC3E5C92BFCF918000A5B30 /* Views */ = {
			isa = PBXGroup;
			children = (
				1BE0CE412C10C79700B14136 /* alert_sound.mp3 */,
				1B8F889F2BEA6B5900CD2DDF /* SplashView.swift */,
				1BE694802C35B6150022FD04 /* ProfileView.swift */,
				1BC3E5C62BFCF8F0000A5B30 /* WelcomeView.swift */,
				1BC3E5CA2BFCF933000A5B30 /* LoginView.swift */,
				1BC3E5CC2BFCF940000A5B30 /* SignUpView.swift */,
				1B3CFC7F2BF3A40F00C1640A /* EventDetailView.swift */,
				1B8F88AB2BEA6D7E00CD2DDF /* EventsView.swift */,
				1B7181282C0F64B200E705A6 /* HomeView.swift */,
				1BE0CE3F2C10AB7000B14136 /* EventItemView.swift */,
				1B57A4A32C18921A00467279 /* CartView.swift */,
				1BDDFFCF2C1C904000D83F8D /* SafariView.swift */,
				1BDDFFD12C1C9F6100D83F8D /* TallScrollView.swift */,
			);
			path = Views;
			sourceTree = "<group>";
		};
		1BC3E5CE2BFCFDF0000A5B30 /* Helper */ = {
			isa = PBXGroup;
			children = (
				1BC3E5CF2BFCFE09000A5B30 /* ColorHelper.swift */,
				1B3CFC812BF3BE1500C1640A /* StringHelper.swift */,
				1BC3E5C42BFCE06B000A5B30 /* LocationHelper .swift */,
			);
			path = Helper;
			sourceTree = "<group>";
		};
		1BC3E5D12BFCFF62000A5B30 /* Model */ = {
			isa = PBXGroup;
			children = (
				1B8F88AF2BEA743C00CD2DDF /* Event.swift */,
				1B8F88B12BEA7AD800CD2DDF /* User.swift */,
				1B8F88B92BEA86F100CD2DDF /* EventsResponse.swift */,
				1B89AD312C061F8600FC4742 /* UserResponse.swift */,
			);
			path = Model;
			sourceTree = "<group>";
		};
/* End PBXGroup section */

/* Begin PBXNativeTarget section */
		1B8F88992BEA6B5900CD2DDF /* Cesk Events */ = {
			isa = PBXNativeTarget;
			buildConfigurationList = 1B8F88A82BEA6B5B00CD2DDF /* Build configuration list for PBXNativeTarget "Cesk Events" */;
			buildPhases = (
				1B8F88962BEA6B5900CD2DDF /* Sources */,
				1B8F88972BEA6B5900CD2DDF /* Frameworks */,
				1B8F88982BEA6B5900CD2DDF /* Resources */,
			);
			buildRules = (
			);
			dependencies = (
			);
			name = "Cesk Events";
			packageProductDependencies = (
				1B8F88B42BEA838400CD2DDF /* DBNetworking */,
				1B8F88B72BEA839600CD2DDF /* SwiftySound */,
			);
			productName = "Cesk Events";
			productReference = 1B8F889A2BEA6B5900CD2DDF /* Cesk Events.app */;
			productType = "com.apple.product-type.application";
		};
/* End PBXNativeTarget section */

/* Begin PBXProject section */
		1B8F88922BEA6B5900CD2DDF /* Project object */ = {
			isa = PBXProject;
			attributes = {
				BuildIndependentTargetsInParallel = 1;
				LastSwiftUpdateCheck = 1500;
				LastUpgradeCheck = 1500;
				TargetAttributes = {
					1B8F88992BEA6B5900CD2DDF = {
						CreatedOnToolsVersion = 15.0;
					};
				};
			};
			buildConfigurationList = 1B8F88952BEA6B5900CD2DDF /* Build configuration list for PBXProject "Cesk Events" */;
			compatibilityVersion = "Xcode 14.0";
			developmentRegion = en;
			hasScannedForEncodings = 0;
			knownRegions = (
				en,
				Base,
			);
			mainGroup = 1B8F88912BEA6B5900CD2DDF;
			packageReferences = (
				1B8F88B32BEA838400CD2DDF /* XCRemoteSwiftPackageReference "DBNetworking" */,
				1B8F88B62BEA839600CD2DDF /* XCRemoteSwiftPackageReference "SwiftySound" */,
			);
			productRefGroup = 1B8F889B2BEA6B5900CD2DDF /* Products */;
			projectDirPath = "";
			projectRoot = "";
			targets = (
				1B8F88992BEA6B5900CD2DDF /* Cesk Events */,
			);
		};
/* End PBXProject section */

/* Begin PBXResourcesBuildPhase section */
		1B8F88982BEA6B5900CD2DDF /* Resources */ = {
			isa = PBXResourcesBuildPhase;
			buildActionMask = 2147483647;
			files = (
				1B8F88A52BEA6B5B00CD2DDF /* Preview Assets.xcassets in Resources */,
				1BE0CE422C10C79700B14136 /* alert_sound.mp3 in Resources */,
				1B8F88A22BEA6B5B00CD2DDF /* Assets.xcassets in Resources */,
			);
			runOnlyForDeploymentPostprocessing = 0;
		};
/* End PBXResourcesBuildPhase section */

/* Begin PBXSourcesBuildPhase section */
		1B8F88962BEA6B5900CD2DDF /* Sources */ = {
			isa = PBXSourcesBuildPhase;
			buildActionMask = 2147483647;
			files = (
				1B7181252C0F53D600E705A6 /* PrimaryButtonStyle.swift in Sources */,
				1B7181272C0F580E00E705A6 /* PrimaryTextFieldStyle.swift in Sources */,
				1BB327C02C35B31B00462400 /* ThemeToggleModifier.swift in Sources */,
				1BB327C62C35B33B00462400 /* CreateEventView.swift in Sources */,
				1BDDFFD02C1C904000D83F8D /* SafariView.swift in Sources */,
				1B3CFC802BF3A40F00C1640A /* EventDetailView.swift in Sources */,
				1B8F88A02BEA6B5900CD2DDF /* SplashView.swift in Sources */,
				1B8F88BA2BEA86F100CD2DDF /* EventsResponse.swift in Sources */,
				1B57A4A42C18921A00467279 /* CartView.swift in Sources */,
				1B3CFC822BF3BE1500C1640A /* StringHelper.swift in Sources */,
				1B8F889E2BEA6B5900CD2DDF /* Cesk_EventsApp.swift in Sources */,
				1B89AD322C061F8600FC4742 /* UserResponse.swift in Sources */,
				1BC3E5D02BFCFE09000A5B30 /* ColorHelper.swift in Sources */,
				1BDDFFD22C1C9F6100D83F8D /* TallScrollView.swift in Sources */,
				1B8F88B22BEA7AD800CD2DDF /* User.swift in Sources */,
				1BB327C12C35B31B00462400 /* ThemeManager.swift in Sources */,
				1BC3E5CB2BFCF933000A5B30 /* LoginView.swift in Sources */,
				1BE0CE402C10AB7000B14136 /* EventItemView.swift in Sources */,
				1BC3E5C72BFCF8F0000A5B30 /* WelcomeView.swift in Sources */,
				1B7181292C0F64B200E705A6 /* HomeView.swift in Sources */,
				1B57A49E2C188FE500467279 /* Cart.swift in Sources */,
				1BE694812C35B6150022FD04 /* ProfileView.swift in Sources */,
				1BC3E5CD2BFCF940000A5B30 /* SignUpView.swift in Sources */,
				1B8F88AE2BEA6F9300CD2DDF /* NetworkImage.swift in Sources */,
				1BF1081B2C0629BE00C4C792 /* Session.swift in Sources */,
				1BB327C52C35B33B00462400 /* CreateEventModel.swift in Sources */,
				1BC3E5C52BFCE06B000A5B30 /* LocationHelper .swift in Sources */,
				1B8F88B02BEA743C00CD2DDF /* Event.swift in Sources */,
				1B8F88AC2BEA6D7E00CD2DDF /* EventsView.swift in Sources */,
			);
			runOnlyForDeploymentPostprocessing = 0;
		};
/* End PBXSourcesBuildPhase section */

/* Begin XCBuildConfiguration section */
		1B8F88A62BEA6B5B00CD2DDF /* Debug */ = {
			isa = XCBuildConfiguration;
			buildSettings = {
				ALWAYS_SEARCH_USER_PATHS = NO;
				ASSETCATALOG_COMPILER_GENERATE_SWIFT_ASSET_SYMBOL_EXTENSIONS = YES;
				CLANG_ANALYZER_NONNULL = YES;
				CLANG_ANALYZER_NUMBER_OBJECT_CONVERSION = YES_AGGRESSIVE;
				CLANG_CXX_LANGUAGE_STANDARD = "gnu++20";
				CLANG_ENABLE_MODULES = YES;
				CLANG_ENABLE_OBJC_ARC = YES;
				CLANG_ENABLE_OBJC_WEAK = YES;
				CLANG_WARN_BLOCK_CAPTURE_AUTORELEASING = YES;
				CLANG_WARN_BOOL_CONVERSION = YES;
				CLANG_WARN_COMMA = YES;
				CLANG_WARN_CONSTANT_CONVERSION = YES;
				CLANG_WARN_DEPRECATED_OBJC_IMPLEMENTATIONS = YES;
				CLANG_WARN_DIRECT_OBJC_ISA_USAGE = YES_ERROR;
				CLANG_WARN_DOCUMENTATION_COMMENTS = YES;
				CLANG_WARN_EMPTY_BODY = YES;
				CLANG_WARN_ENUM_CONVERSION = YES;
				CLANG_WARN_INFINITE_RECURSION = YES;
				CLANG_WARN_INT_CONVERSION = YES;
				CLANG_WARN_NON_LITERAL_NULL_CONVERSION = YES;
				CLANG_WARN_OBJC_IMPLICIT_RETAIN_SELF = YES;
				CLANG_WARN_OBJC_LITERAL_CONVERSION = YES;
				CLANG_WARN_OBJC_ROOT_CLASS = YES_ERROR;
				CLANG_WARN_QUOTED_INCLUDE_IN_FRAMEWORK_HEADER = YES;
				CLANG_WARN_RANGE_LOOP_ANALYSIS = YES;
				CLANG_WARN_STRICT_PROTOTYPES = YES;
				CLANG_WARN_SUSPICIOUS_MOVE = YES;
				CLANG_WARN_UNGUARDED_AVAILABILITY = YES_AGGRESSIVE;
				CLANG_WARN_UNREACHABLE_CODE = YES;
				CLANG_WARN__DUPLICATE_METHOD_MATCH = YES;
				COPY_PHASE_STRIP = NO;
				DEBUG_INFORMATION_FORMAT = dwarf;
				ENABLE_STRICT_OBJC_MSGSEND = YES;
				ENABLE_TESTABILITY = YES;
				ENABLE_USER_SCRIPT_SANDBOXING = YES;
				GCC_C_LANGUAGE_STANDARD = gnu17;
				GCC_DYNAMIC_NO_PIC = NO;
				GCC_NO_COMMON_BLOCKS = YES;
				GCC_OPTIMIZATION_LEVEL = 0;
				GCC_PREPROCESSOR_DEFINITIONS = (
					"DEBUG=1",
					"$(inherited)",
				);
				GCC_WARN_64_TO_32_BIT_CONVERSION = YES;
				GCC_WARN_ABOUT_RETURN_TYPE = YES_ERROR;
				GCC_WARN_UNDECLARED_SELECTOR = YES;
				GCC_WARN_UNINITIALIZED_AUTOS = YES_AGGRESSIVE;
				GCC_WARN_UNUSED_FUNCTION = YES;
				GCC_WARN_UNUSED_VARIABLE = YES;
				IPHONEOS_DEPLOYMENT_TARGET = 17.0;
				LOCALIZATION_PREFERS_STRING_CATALOGS = YES;
				MTL_ENABLE_DEBUG_INFO = INCLUDE_SOURCE;
				MTL_FAST_MATH = YES;
				ONLY_ACTIVE_ARCH = YES;
				SDKROOT = iphoneos;
				SWIFT_ACTIVE_COMPILATION_CONDITIONS = "DEBUG $(inherited)";
				SWIFT_OPTIMIZATION_LEVEL = "-Onone";
			};
			name = Debug;
		};
		1B8F88A72BEA6B5B00CD2DDF /* Release */ = {
			isa = XCBuildConfiguration;
			buildSettings = {
				ALWAYS_SEARCH_USER_PATHS = NO;
				ASSETCATALOG_COMPILER_GENERATE_SWIFT_ASSET_SYMBOL_EXTENSIONS = YES;
				CLANG_ANALYZER_NONNULL = YES;
				CLANG_ANALYZER_NUMBER_OBJECT_CONVERSION = YES_AGGRESSIVE;
				CLANG_CXX_LANGUAGE_STANDARD = "gnu++20";
				CLANG_ENABLE_MODULES = YES;
				CLANG_ENABLE_OBJC_ARC = YES;
				CLANG_ENABLE_OBJC_WEAK = YES;
				CLANG_WARN_BLOCK_CAPTURE_AUTORELEASING = YES;
				CLANG_WARN_BOOL_CONVERSION = YES;
				CLANG_WARN_COMMA = YES;
				CLANG_WARN_CONSTANT_CONVERSION = YES;
				CLANG_WARN_DEPRECATED_OBJC_IMPLEMENTATIONS = YES;
				CLANG_WARN_DIRECT_OBJC_ISA_USAGE = YES_ERROR;
				CLANG_WARN_DOCUMENTATION_COMMENTS = YES;
				CLANG_WARN_EMPTY_BODY = YES;
				CLANG_WARN_ENUM_CONVERSION = YES;
				CLANG_WARN_INFINITE_RECURSION = YES;
				CLANG_WARN_INT_CONVERSION = YES;
				CLANG_WARN_NON_LITERAL_NULL_CONVERSION = YES;
				CLANG_WARN_OBJC_IMPLICIT_RETAIN_SELF = YES;
				CLANG_WARN_OBJC_LITERAL_CONVERSION = YES;
				CLANG_WARN_OBJC_ROOT_CLASS = YES_ERROR;
				CLANG_WARN_QUOTED_INCLUDE_IN_FRAMEWORK_HEADER = YES;
				CLANG_WARN_RANGE_LOOP_ANALYSIS = YES;
				CLANG_WARN_STRICT_PROTOTYPES = YES;
				CLANG_WARN_SUSPICIOUS_MOVE = YES;
				CLANG_WARN_UNGUARDED_AVAILABILITY = YES_AGGRESSIVE;
				CLANG_WARN_UNREACHABLE_CODE = YES;
				CLANG_WARN__DUPLICATE_METHOD_MATCH = YES;
				COPY_PHASE_STRIP = NO;
				DEBUG_INFORMATION_FORMAT = "dwarf-with-dsym";
				ENABLE_NS_ASSERTIONS = NO;
				ENABLE_STRICT_OBJC_MSGSEND = YES;
				ENABLE_USER_SCRIPT_SANDBOXING = YES;
				GCC_C_LANGUAGE_STANDARD = gnu17;
				GCC_NO_COMMON_BLOCKS = YES;
				GCC_WARN_64_TO_32_BIT_CONVERSION = YES;
				GCC_WARN_ABOUT_RETURN_TYPE = YES_ERROR;
				GCC_WARN_UNDECLARED_SELECTOR = YES;
				GCC_WARN_UNINITIALIZED_AUTOS = YES_AGGRESSIVE;
				GCC_WARN_UNUSED_FUNCTION = YES;
				GCC_WARN_UNUSED_VARIABLE = YES;
				IPHONEOS_DEPLOYMENT_TARGET = 17.0;
				LOCALIZATION_PREFERS_STRING_CATALOGS = YES;
				MTL_ENABLE_DEBUG_INFO = NO;
				MTL_FAST_MATH = YES;
				SDKROOT = iphoneos;
				SWIFT_COMPILATION_MODE = wholemodule;
				VALIDATE_PRODUCT = YES;
			};
			name = Release;
		};
		1B8F88A92BEA6B5B00CD2DDF /* Debug */ = {
			isa = XCBuildConfiguration;
			buildSettings = {
				ASSETCATALOG_COMPILER_APPICON_NAME = AppIcon;
				ASSETCATALOG_COMPILER_GLOBAL_ACCENT_COLOR_NAME = AccentColor;
				CODE_SIGN_STYLE = Automatic;
				CURRENT_PROJECT_VERSION = 1;
				DEVELOPMENT_ASSET_PATHS = "\"Cesk Events/Preview Content\"";
				DEVELOPMENT_TEAM = NQN3CSU7T4;
				ENABLE_PREVIEWS = YES;
				GENERATE_INFOPLIST_FILE = YES;
				INFOPLIST_KEY_CFBundleDisplayName = ZarrelliEvents2024;
				INFOPLIST_KEY_UIApplicationSceneManifest_Generation = YES;
				INFOPLIST_KEY_UIApplicationSupportsIndirectInputEvents = YES;
				INFOPLIST_KEY_UILaunchScreen_Generation = YES;
				INFOPLIST_KEY_UISupportedInterfaceOrientations_iPad = "UIInterfaceOrientationPortrait UIInterfaceOrientationPortraitUpsideDown UIInterfaceOrientationLandscapeLeft UIInterfaceOrientationLandscapeRight";
				INFOPLIST_KEY_UISupportedInterfaceOrientations_iPhone = "UIInterfaceOrientationPortrait UIInterfaceOrientationLandscapeLeft UIInterfaceOrientationLandscapeRight";
				LD_RUNPATH_SEARCH_PATHS = (
					"$(inherited)",
					"@executable_path/Frameworks",
				);
				MARKETING_VERSION = 1.0;
				PRODUCT_BUNDLE_IDENTIFIER = "cesk.Cesk-Events";
				PRODUCT_NAME = "$(TARGET_NAME)";
				SWIFT_EMIT_LOC_STRINGS = YES;
				SWIFT_VERSION = 5.0;
				TARGETED_DEVICE_FAMILY = "1,2";
			};
			name = Debug;
		};
		1B8F88AA2BEA6B5B00CD2DDF /* Release */ = {
			isa = XCBuildConfiguration;
			buildSettings = {
				ASSETCATALOG_COMPILER_APPICON_NAME = AppIcon;
				ASSETCATALOG_COMPILER_GLOBAL_ACCENT_COLOR_NAME = AccentColor;
				CODE_SIGN_STYLE = Automatic;
				CURRENT_PROJECT_VERSION = 1;
				DEVELOPMENT_ASSET_PATHS = "\"Cesk Events/Preview Content\"";
				DEVELOPMENT_TEAM = NQN3CSU7T4;
				ENABLE_PREVIEWS = YES;
				GENERATE_INFOPLIST_FILE = YES;
				INFOPLIST_KEY_CFBundleDisplayName = ZarrelliEvents2024;
				INFOPLIST_KEY_UIApplicationSceneManifest_Generation = YES;
				INFOPLIST_KEY_UIApplicationSupportsIndirectInputEvents = YES;
				INFOPLIST_KEY_UILaunchScreen_Generation = YES;
				INFOPLIST_KEY_UISupportedInterfaceOrientations_iPad = "UIInterfaceOrientationPortrait UIInterfaceOrientationPortraitUpsideDown UIInterfaceOrientationLandscapeLeft UIInterfaceOrientationLandscapeRight";
				INFOPLIST_KEY_UISupportedInterfaceOrientations_iPhone = "UIInterfaceOrientationPortrait UIInterfaceOrientationLandscapeLeft UIInterfaceOrientationLandscapeRight";
				LD_RUNPATH_SEARCH_PATHS = (
					"$(inherited)",
					"@executable_path/Frameworks",
				);
				MARKETING_VERSION = 1.0;
				PRODUCT_BUNDLE_IDENTIFIER = "cesk.Cesk-Events";
				PRODUCT_NAME = "$(TARGET_NAME)";
				SWIFT_EMIT_LOC_STRINGS = YES;
				SWIFT_VERSION = 5.0;
				TARGETED_DEVICE_FAMILY = "1,2";
			};
			name = Release;
		};
/* End XCBuildConfiguration section */

/* Begin XCConfigurationList section */
		1B8F88952BEA6B5900CD2DDF /* Build configuration list for PBXProject "Cesk Events" */ = {
			isa = XCConfigurationList;
			buildConfigurations = (
				1B8F88A62BEA6B5B00CD2DDF /* Debug */,
				1B8F88A72BEA6B5B00CD2DDF /* Release */,
			);
			defaultConfigurationIsVisible = 0;
			defaultConfigurationName = Release;
		};
		1B8F88A82BEA6B5B00CD2DDF /* Build configuration list for PBXNativeTarget "Cesk Events" */ = {
			isa = XCConfigurationList;
			buildConfigurations = (
				1B8F88A92BEA6B5B00CD2DDF /* Debug */,
				1B8F88AA2BEA6B5B00CD2DDF /* Release */,
			);
			defaultConfigurationIsVisible = 0;
			defaultConfigurationName = Release;
		};
/* End XCConfigurationList section */

/* Begin XCRemoteSwiftPackageReference section */
		1B8F88B32BEA838400CD2DDF /* XCRemoteSwiftPackageReference "DBNetworking" */ = {
			isa = XCRemoteSwiftPackageReference;
			repositoryURL = "https://github.com/davidebalistreri/DBNetworking";
			requirement = {
				kind = upToNextMajorVersion;
				minimumVersion = 1.0.4;
			};
		};
		1B8F88B62BEA839600CD2DDF /* XCRemoteSwiftPackageReference "SwiftySound" */ = {
			isa = XCRemoteSwiftPackageReference;
			repositoryURL = "https://github.com/adamcichy/SwiftySound";
			requirement = {
				kind = upToNextMajorVersion;
				minimumVersion = 1.3.0;
			};
		};
/* End XCRemoteSwiftPackageReference section */

/* Begin XCSwiftPackageProductDependency section */
		1B8F88B42BEA838400CD2DDF /* DBNetworking */ = {
			isa = XCSwiftPackageProductDependency;
			package = 1B8F88B32BEA838400CD2DDF /* XCRemoteSwiftPackageReference "DBNetworking" */;
			productName = DBNetworking;
		};
		1B8F88B72BEA839600CD2DDF /* SwiftySound */ = {
			isa = XCSwiftPackageProductDependency;
			package = 1B8F88B62BEA839600CD2DDF /* XCRemoteSwiftPackageReference "SwiftySound" */;
			productName = SwiftySound;
		};
/* End XCSwiftPackageProductDependency section */
	};
	rootObject = 1B8F88922BEA6B5900CD2DDF /* Project object */;
}
